
Microsoft Visual Studio Solution File, Format Version 12.00
# Visual Studio Version 17
VisualStudioVersion = 17.0.32002.185
MinimumVisualStudioVersion = 10.0.40219.1
Project("{FAE04EC0-301F-11D3-BF4B-00C04F79EFBC}") = "Jsonn", "Jsonn\Jsonn.csproj", "{458B7440-DF2E-4EED-A995-5F4D9ECA3B88}"
EndProject
Project("{FAE04EC0-301F-11D3-BF4B-00C04F79EFBC}") = "Jsonokuma", "Jsonokuma\Jsonokuma.csproj", "{9357881C-13A2-44AE-9CF2-E1D83BC224C0}"
EndProject
Project("{FAE04EC0-301F-11D3-BF4B-00C04F79EFBC}") = "jsonproject", "jsonproject\jsonproject.csproj", "{CBAFAF04-0CB4-4217-A83B-0439830B1D9A}"
EndProject
Global
	GlobalSection(SolutionConfigurationPlatforms) = preSolution
		Debug|Any CPU = Debug|Any CPU
		Release|Any CPU = Release|Any CPU
	EndGlobalSection
	GlobalSection(ProjectConfigurationPlatforms) = postSolution
		{458B7440-DF2E-4EED-A995-5F4D9ECA3B88}.Debug|Any CPU.ActiveCfg = Debug|Any CPU
		{458B7440-DF2E-4EED-A995-5F4D9ECA3B88}.Debug|Any CPU.Build.0 = Debug|Any CPU
		{458B7440-DF2E-4EED-A995-5F4D9ECA3B88}.Release|Any CPU.ActiveCfg = Release|Any CPU
		{458B7440-DF2E-4EED-A995-5F4D9ECA3B88}.Release|Any CPU.Build.0 = Release|Any CPU
		{9357881C-13A2-44AE-9CF2-E1D83BC224C0}.Debug|Any CPU.ActiveCfg = Debug|Any CPU
		{9357881C-13A2-44AE-9CF2-E1D83BC224C0}.Debug|Any CPU.Build.0 = Debug|Any CPU
		{9357881C-13A2-44AE-9CF2-E1D83BC224C0}.Release|Any CPU.ActiveCfg = Release|Any CPU
		{9357881C-13A2-44AE-9CF2-E1D83BC224C0}.Release|Any CPU.Build.0 = Release|Any CPU
		{CBAFAF04-0CB4-4217-A83B-0439830B1D9A}.Debug|Any CPU.ActiveCfg = Debug|Any CPU
		{CBAFAF04-0CB4-4217-A83B-0439830B1D9A}.Debug|Any CPU.Build.0 = Debug|Any CPU
		{CBAFAF04-0CB4-4217-A83B-0439830B1D9A}.Release|Any CPU.ActiveCfg = Release|Any CPU
		{CBAFAF04-0CB4-4217-A83B-0439830B1D9A}.Release|Any CPU.Build.0 = Release|Any CPU
	EndGlobalSection
	GlobalSection(SolutionProperties) = preSolution
		HideSolutionNode = FALSE
	EndGlobalSection
	GlobalSection(ExtensibilityGlobals) = postSolution
		SolutionGuid = {4E7F19ED-C396-451D-83D8-A22E0CCCB1D3}
	EndGlobalSection
EndGlobal
