
Microsoft Visual Studio Solution File, Format Version 12.00
# Visual Studio Version 16
VisualStudioVersion = 16.0.31624.102
MinimumVisualStudioVersion = 10.0.40219.1
Project("{FAE04EC0-301F-11D3-BF4B-00C04F79EFBC}") = "ActionSelectorSamples", "ActionSelectorSamples\ActionSelectorSamples.csproj", "{DE29D908-4E20-4C94-8B1A-BCBB62126E2D}"
EndProject
Project("{FAE04EC0-301F-11D3-BF4B-00C04F79EFBC}") = "CustomActionSelector", "CustomActionSelector\CustomActionSelector.csproj", "{076F1B8E-7334-4E37-AB8B-B70E604CACEC}"
EndProject
Global
	GlobalSection(SolutionConfigurationPlatforms) = preSolution
		Debug|Any CPU = Debug|Any CPU
		Release|Any CPU = Release|Any CPU
	EndGlobalSection
	GlobalSection(ProjectConfigurationPlatforms) = postSolution
		{DE29D908-4E20-4C94-8B1A-BCBB62126E2D}.Debug|Any CPU.ActiveCfg = Debug|Any CPU
		{DE29D908-4E20-4C94-8B1A-BCBB62126E2D}.Debug|Any CPU.Build.0 = Debug|Any CPU
		{DE29D908-4E20-4C94-8B1A-BCBB62126E2D}.Release|Any CPU.ActiveCfg = Release|Any CPU
		{DE29D908-4E20-4C94-8B1A-BCBB62126E2D}.Release|Any CPU.Build.0 = Release|Any CPU
		{076F1B8E-7334-4E37-AB8B-B70E604CACEC}.Debug|Any CPU.ActiveCfg = Debug|Any CPU
		{076F1B8E-7334-4E37-AB8B-B70E604CACEC}.Debug|Any CPU.Build.0 = Debug|Any CPU
		{076F1B8E-7334-4E37-AB8B-B70E604CACEC}.Release|Any CPU.ActiveCfg = Release|Any CPU
		{076F1B8E-7334-4E37-AB8B-B70E604CACEC}.Release|Any CPU.Build.0 = Release|Any CPU
	EndGlobalSection
	GlobalSection(SolutionProperties) = preSolution
		HideSolutionNode = FALSE
	EndGlobalSection
	GlobalSection(ExtensibilityGlobals) = postSolution
		SolutionGuid = {B2BAD350-FFB3-4FD1-BA08-B0CC3D4091F2}
	EndGlobalSection
EndGlobal
