
Microsoft Visual Studio Solution File, Format Version 12.00
# Visual Studio Version 17
VisualStudioVersion = 17.0.31912.275
MinimumVisualStudioVersion = 10.0.40219.1
Project("{FAE04EC0-301F-11D3-BF4B-00C04F79EFBC}") = "Hamburgerci", "Hamburger\Hamburgerci.csproj", "{6308755E-6B4C-4BC9-8F0D-47A3D59C36B9}"
EndProject
Global
	GlobalSection(SolutionConfigurationPlatforms) = preSolution
		Debug|Any CPU = Debug|Any CPU
		Release|Any CPU = Release|Any CPU
	EndGlobalSection
	GlobalSection(ProjectConfigurationPlatforms) = postSolution
		{6308755E-6B4C-4BC9-8F0D-47A3D59C36B9}.Debug|Any CPU.ActiveCfg = Debug|Any CPU
		{6308755E-6B4C-4BC9-8F0D-47A3D59C36B9}.Debug|Any CPU.Build.0 = Debug|Any CPU
		{6308755E-6B4C-4BC9-8F0D-47A3D59C36B9}.Release|Any CPU.ActiveCfg = Release|Any CPU
		{6308755E-6B4C-4BC9-8F0D-47A3D59C36B9}.Release|Any CPU.Build.0 = Release|Any CPU
	EndGlobalSection
	GlobalSection(SolutionProperties) = preSolution
		HideSolutionNode = FALSE
	EndGlobalSection
	GlobalSection(ExtensibilityGlobals) = postSolution
		SolutionGuid = {C308FB06-1E05-4976-890D-A382E707A1CA}
	EndGlobalSection
EndGlobal
