
Microsoft Visual Studio Solution File, Format Version 12.00
# Visual Studio Version 17
VisualStudioVersion = 17.0.31912.275
MinimumVisualStudioVersion = 10.0.40219.1
Project("{FAE04EC0-301F-11D3-BF4B-00C04F79EFBC}") = "foreach", "foreach\foreach.csproj", "{B16EDBF5-9DB5-4CA4-9BC5-E81DE83257FB}"
EndProject
Project("{FAE04EC0-301F-11D3-BF4B-00C04F79EFBC}") = "Foreach_Gunler", "Foreach_Gunler\Foreach_Gunler.csproj", "{D16BE67E-169D-41BA-B77D-B18CED10713B}"
EndProject
Project("{FAE04EC0-301F-11D3-BF4B-00C04F79EFBC}") = "SayısalLoto", "SayısalLoto\SayısalLoto.csproj", "{915EF544-21C5-4788-909C-8822178BE71A}"
EndProject
Project("{FAE04EC0-301F-11D3-BF4B-00C04F79EFBC}") = "SinemaBileti", "SinemaBileti\SinemaBileti.csproj", "{D1FDB831-8E21-43C5-B0D9-47AE2E670498}"
EndProject
Global
	GlobalSection(SolutionConfigurationPlatforms) = preSolution
		Debug|Any CPU = Debug|Any CPU
		Release|Any CPU = Release|Any CPU
	EndGlobalSection
	GlobalSection(ProjectConfigurationPlatforms) = postSolution
		{B16EDBF5-9DB5-4CA4-9BC5-E81DE83257FB}.Debug|Any CPU.ActiveCfg = Debug|Any CPU
		{B16EDBF5-9DB5-4CA4-9BC5-E81DE83257FB}.Debug|Any CPU.Build.0 = Debug|Any CPU
		{B16EDBF5-9DB5-4CA4-9BC5-E81DE83257FB}.Release|Any CPU.ActiveCfg = Release|Any CPU
		{B16EDBF5-9DB5-4CA4-9BC5-E81DE83257FB}.Release|Any CPU.Build.0 = Release|Any CPU
		{D16BE67E-169D-41BA-B77D-B18CED10713B}.Debug|Any CPU.ActiveCfg = Debug|Any CPU
		{D16BE67E-169D-41BA-B77D-B18CED10713B}.Debug|Any CPU.Build.0 = Debug|Any CPU
		{D16BE67E-169D-41BA-B77D-B18CED10713B}.Release|Any CPU.ActiveCfg = Release|Any CPU
		{D16BE67E-169D-41BA-B77D-B18CED10713B}.Release|Any CPU.Build.0 = Release|Any CPU
		{915EF544-21C5-4788-909C-8822178BE71A}.Debug|Any CPU.ActiveCfg = Debug|Any CPU
		{915EF544-21C5-4788-909C-8822178BE71A}.Debug|Any CPU.Build.0 = Debug|Any CPU
		{915EF544-21C5-4788-909C-8822178BE71A}.Release|Any CPU.ActiveCfg = Release|Any CPU
		{915EF544-21C5-4788-909C-8822178BE71A}.Release|Any CPU.Build.0 = Release|Any CPU
		{D1FDB831-8E21-43C5-B0D9-47AE2E670498}.Debug|Any CPU.ActiveCfg = Debug|Any CPU
		{D1FDB831-8E21-43C5-B0D9-47AE2E670498}.Debug|Any CPU.Build.0 = Debug|Any CPU
		{D1FDB831-8E21-43C5-B0D9-47AE2E670498}.Release|Any CPU.ActiveCfg = Release|Any CPU
		{D1FDB831-8E21-43C5-B0D9-47AE2E670498}.Release|Any CPU.Build.0 = Release|Any CPU
	EndGlobalSection
	GlobalSection(SolutionProperties) = preSolution
		HideSolutionNode = FALSE
	EndGlobalSection
	GlobalSection(ExtensibilityGlobals) = postSolution
		SolutionGuid = {B17C8B18-1BD4-4E0F-A255-7CD0C34EBF91}
	EndGlobalSection
EndGlobal
