
Microsoft Visual Studio Solution File, Format Version 12.00
# Visual Studio Version 16
VisualStudioVersion = 16.0.31624.102
MinimumVisualStudioVersion = 10.0.40219.1
Project("{FAE04EC0-301F-11D3-BF4B-00C04F79EFBC}") = "MvcBasicModel", "MvcBasicModel\MvcBasicModel.csproj", "{631DE74A-9033-45B3-BEFF-BAF0FBD44F47}"
EndProject
Global
	GlobalSection(SolutionConfigurationPlatforms) = preSolution
		Debug|Any CPU = Debug|Any CPU
		Release|Any CPU = Release|Any CPU
	EndGlobalSection
	GlobalSection(ProjectConfigurationPlatforms) = postSolution
		{631DE74A-9033-45B3-BEFF-BAF0FBD44F47}.Debug|Any CPU.ActiveCfg = Debug|Any CPU
		{631DE74A-9033-45B3-BEFF-BAF0FBD44F47}.Debug|Any CPU.Build.0 = Debug|Any CPU
		{631DE74A-9033-45B3-BEFF-BAF0FBD44F47}.Release|Any CPU.ActiveCfg = Release|Any CPU
		{631DE74A-9033-45B3-BEFF-BAF0FBD44F47}.Release|Any CPU.Build.0 = Release|Any CPU
	EndGlobalSection
	GlobalSection(SolutionProperties) = preSolution
		HideSolutionNode = FALSE
	EndGlobalSection
	GlobalSection(ExtensibilityGlobals) = postSolution
		SolutionGuid = {767EAE5B-BC13-4B9D-8842-F58B03B2EA50}
	EndGlobalSection
EndGlobal
