
Microsoft Visual Studio Solution File, Format Version 12.00
# Visual Studio Version 17
VisualStudioVersion = 17.0.31912.275
MinimumVisualStudioVersion = 10.0.40219.1
Project("{FAE04EC0-301F-11D3-BF4B-00C04F79EFBC}") = "ders3SonsuzDöngü", "ders3SonsuzDöngü\ders3SonsuzDöngü.csproj", "{3D8BAAA2-6158-4964-80BD-2B8B28A71299}"
EndProject
Project("{FAE04EC0-301F-11D3-BF4B-00C04F79EFBC}") = "sonsuzDöngü", "sonsuzDöngü\sonsuzDöngü.csproj", "{18F1B1D3-71F7-4274-8330-20D9C3A2787E}"
EndProject
Project("{FAE04EC0-301F-11D3-BF4B-00C04F79EFBC}") = "döngülerlecombobox", "döngülerlecombobox\döngülerlecombobox.csproj", "{BE1FBEBD-112D-4706-BD29-850BD04291D2}"
EndProject
Global
	GlobalSection(SolutionConfigurationPlatforms) = preSolution
		Debug|Any CPU = Debug|Any CPU
		Release|Any CPU = Release|Any CPU
	EndGlobalSection
	GlobalSection(ProjectConfigurationPlatforms) = postSolution
		{3D8BAAA2-6158-4964-80BD-2B8B28A71299}.Debug|Any CPU.ActiveCfg = Debug|Any CPU
		{3D8BAAA2-6158-4964-80BD-2B8B28A71299}.Debug|Any CPU.Build.0 = Debug|Any CPU
		{3D8BAAA2-6158-4964-80BD-2B8B28A71299}.Release|Any CPU.ActiveCfg = Release|Any CPU
		{3D8BAAA2-6158-4964-80BD-2B8B28A71299}.Release|Any CPU.Build.0 = Release|Any CPU
		{18F1B1D3-71F7-4274-8330-20D9C3A2787E}.Debug|Any CPU.ActiveCfg = Debug|Any CPU
		{18F1B1D3-71F7-4274-8330-20D9C3A2787E}.Debug|Any CPU.Build.0 = Debug|Any CPU
		{18F1B1D3-71F7-4274-8330-20D9C3A2787E}.Release|Any CPU.ActiveCfg = Release|Any CPU
		{18F1B1D3-71F7-4274-8330-20D9C3A2787E}.Release|Any CPU.Build.0 = Release|Any CPU
		{BE1FBEBD-112D-4706-BD29-850BD04291D2}.Debug|Any CPU.ActiveCfg = Debug|Any CPU
		{BE1FBEBD-112D-4706-BD29-850BD04291D2}.Debug|Any CPU.Build.0 = Debug|Any CPU
		{BE1FBEBD-112D-4706-BD29-850BD04291D2}.Release|Any CPU.ActiveCfg = Release|Any CPU
		{BE1FBEBD-112D-4706-BD29-850BD04291D2}.Release|Any CPU.Build.0 = Release|Any CPU
	EndGlobalSection
	GlobalSection(SolutionProperties) = preSolution
		HideSolutionNode = FALSE
	EndGlobalSection
	GlobalSection(ExtensibilityGlobals) = postSolution
		SolutionGuid = {0992114A-085B-4FBC-B124-4F0BF7B098C3}
	EndGlobalSection
EndGlobal
